// !$*UTF8*$!
{
	archiveVersion = 1;
	classes = {
	};
	objectVersion = 46;
	objects = {

/* Begin PBXBuildFile section */
		8E2429B21CB17C170081FB52 /* Message.storyboard in Resources */ = {isa = PBXBuildFile; fileRef = 8E2429B01CB17C170081FB52 /* Message.storyboard */; };
		8E2429B71CB17C4E0081FB52 /* Profile.storyboard in Resources */ = {isa = PBXBuildFile; fileRef = 8E2429B51CB17C4E0081FB52 /* Profile.storyboard */; };
		8E2429BA1CB185DB0081FB52 /* Null.storyboard in Resources */ = {isa = PBXBuildFile; fileRef = 8E2429B81CB185DB0081FB52 /* Null.storyboard */; };
		8E2429BC1CB1890A0081FB52 /* Home.storyboard in Resources */ = {isa = PBXBuildFile; fileRef = 8E2429BB1CB1890A0081FB52 /* Home.storyboard */; };
		8E2429BE1CB189150081FB52 /* Discover.storyboard in Resources */ = {isa = PBXBuildFile; fileRef = 8E2429BD1CB189150081FB52 /* Discover.storyboard */; };
		8E5EBE8B1CB0C7B200A7EADC /* MainVCSettings.json in Resources */ = {isa = PBXBuildFile; fileRef = 8E5EBE8A1CB0C7B200A7EADC /* MainVCSettings.json */; };
		8ED1D5A31CB02BA5006B3698 /* MainViewController.swift in Sources */ = {isa = PBXBuildFile; fileRef = 8ED1D5A21CB02BA5006B3698 /* MainViewController.swift */; };
		8ED1D5A71CB02FA0006B3698 /* MessageViewController.swift in Sources */ = {isa = PBXBuildFile; fileRef = 8ED1D5A61CB02FA0006B3698 /* MessageViewController.swift */; };
		8ED1D5A91CB02FB7006B3698 /* DiscoverViewController.swift in Sources */ = {isa = PBXBuildFile; fileRef = 8ED1D5A81CB02FB7006B3698 /* DiscoverViewController.swift */; };
		8ED1D5AB1CB02FCF006B3698 /* ProfileViewController.swift in Sources */ = {isa = PBXBuildFile; fileRef = 8ED1D5AA1CB02FCF006B3698 /* ProfileViewController.swift */; };
		8ED1D5AD1CB0330B006B3698 /* HomeViewController.swift in Sources */ = {isa = PBXBuildFile; fileRef = 8ED1D5AC1CB0330B006B3698 /* HomeViewController.swift */; };
		8EE026071CB01F36001E6D70 /* AppDelegate.swift in Sources */ = {isa = PBXBuildFile; fileRef = 8EE026061CB01F36001E6D70 /* AppDelegate.swift */; };
		8EE0260C1CB01F36001E6D70 /* Main.storyboard in Resources */ = {isa = PBXBuildFile; fileRef = 8EE0260A1CB01F36001E6D70 /* Main.storyboard */; };
		8EE0260E1CB01F36001E6D70 /* Assets.xcassets in Resources */ = {isa = PBXBuildFile; fileRef = 8EE0260D1CB01F36001E6D70 /* Assets.xcassets */; };
/* End PBXBuildFile section */

/* Begin PBXFileReference section */
		8E2429B11CB17C170081FB52 /* Base */ = {isa = PBXFileReference; lastKnownFileType = file.storyboard; name = Base; path = Base.lproj/Message.storyboard; sourceTree = "<group>"; };
		8E2429B61CB17C4E0081FB52 /* Base */ = {isa = PBXFileReference; lastKnownFileType = file.storyboard; name = Base; path = Base.lproj/Profile.storyboard; sourceTree = "<group>"; };
		8E2429B91CB185DB0081FB52 /* Base */ = {isa = PBXFileReference; lastKnownFileType = file.storyboard; name = Base; path = DWWB/Base.lproj/Null.storyboard; sourceTree = SOURCE_ROOT; };
		8E2429BB1CB1890A0081FB52 /* Home.storyboard */ = {isa = PBXFileReference; fileEncoding = 4; lastKnownFileType = file.storyboard; path = Home.storyboard; sourceTree = "<group>"; };
		8E2429BD1CB189150081FB52 /* Discover.storyboard */ = {isa = PBXFileReference; fileEncoding = 4; lastKnownFileType = file.storyboard; path = Discover.storyboard; sourceTree = "<group>"; };
		8E5EBE8A1CB0C7B200A7EADC /* MainVCSettings.json */ = {isa = PBXFileReference; fileEncoding = 4; lastKnownFileType = text.json; path = MainVCSettings.json; sourceTree = "<group>"; };
		8ED1D5A21CB02BA5006B3698 /* MainViewController.swift */ = {isa = PBXFileReference; fileEncoding = 4; lastKnownFileType = sourcecode.swift; path = MainViewController.swift; sourceTree = "<group>"; };
		8ED1D5A61CB02FA0006B3698 /* MessageViewController.swift */ = {isa = PBXFileReference; fileEncoding = 4; lastKnownFileType = sourcecode.swift; path = MessageViewController.swift; sourceTree = "<group>"; };
		8ED1D5A81CB02FB7006B3698 /* DiscoverViewController.swift */ = {isa = PBXFileReference; fileEncoding = 4; lastKnownFileType = sourcecode.swift; path = DiscoverViewController.swift; sourceTree = "<group>"; };
		8ED1D5AA1CB02FCF006B3698 /* ProfileViewController.swift */ = {isa = PBXFileReference; fileEncoding = 4; lastKnownFileType = sourcecode.swift; path = ProfileViewController.swift; sourceTree = "<group>"; };
		8ED1D5AC1CB0330B006B3698 /* HomeViewController.swift */ = {isa = PBXFileReference; fileEncoding = 4; lastKnownFileType = sourcecode.swift; path = HomeViewController.swift; sourceTree = "<group>"; };
		8EE026031CB01F36001E6D70 /* DWWB.app */ = {isa = PBXFileReference; explicitFileType = wrapper.application; includeInIndex = 0; path = DWWB.app; sourceTree = BUILT_PRODUCTS_DIR; };
		8EE026061CB01F36001E6D70 /* AppDelegate.swift */ = {isa = PBXFileReference; lastKnownFileType = sourcecode.swift; path = AppDelegate.swift; sourceTree = "<group>"; };
		8EE0260B1CB01F36001E6D70 /* Base */ = {isa = PBXFileReference; lastKnownFileType = file.storyboard; name = Base; path = Base.lproj/Main.storyboard; sourceTree = "<group>"; };
		8EE0260D1CB01F36001E6D70 /* Assets.xcassets */ = {isa = PBXFileReference; lastKnownFileType = folder.assetcatalog; path = Assets.xcassets; sourceTree = "<group>"; };
		8EE026121CB01F36001E6D70 /* Info.plist */ = {isa = PBXFileReference; lastKnownFileType = text.plist.xml; path = Info.plist; sourceTree = "<group>"; };
/* End PBXFileReference section */

/* Begin PBXFrameworksBuildPhase section */
		8EE026001CB01F36001E6D70 /* Frameworks */ = {
			isa = PBXFrameworksBuildPhase;
			buildActionMask = 2147483647;
			files = (
			);
			runOnlyForDeploymentPostprocessing = 0;
		};
/* End PBXFrameworksBuildPhase section */

/* Begin PBXGroup section */
		8E5EBE871CB0B9B500A7EADC /* Tool(工具) */ = {
			isa = PBXGroup;
			children = (
			);
			name = "Tool(工具)";
			path = "Profile(我)/Tool(工具)";
			sourceTree = "<group>";
		};
		8E5EBE881CB0BBA200A7EADC /* Resource */ = {
			isa = PBXGroup;
			children = (
				8E5EBE8A1CB0C7B200A7EADC /* MainVCSettings.json */,
				8E2429B81CB185DB0081FB52 /* Null.storyboard */,
			);
			path = Resource;
			sourceTree = "<group>";
		};
		8E6A12721CB0282100CC399B /* Classes */ = {
			isa = PBXGroup;
			children = (
				8E6A12751CB0282100CC399B /* Main(主要) */,
				8E6A12741CB0282100CC399B /* Home(首页) */,
				8E6A12761CB0282100CC399B /* Message(消息) */,
				8E6A12731CB0282100CC399B /* Discover(发现) */,
				8E6A12771CB0282100CC399B /* Profile(我) */,
				8E5EBE871CB0B9B500A7EADC /* Tool(工具) */,
			);
			path = Classes;
			sourceTree = "<group>";
		};
		8E6A12731CB0282100CC399B /* Discover(发现) */ = {
			isa = PBXGroup;
			children = (
				8E2429BD1CB189150081FB52 /* Discover.storyboard */,
				8ED1D5A81CB02FB7006B3698 /* DiscoverViewController.swift */,
			);
			path = "Discover(发现)";
			sourceTree = "<group>";
		};
		8E6A12741CB0282100CC399B /* Home(首页) */ = {
			isa = PBXGroup;
			children = (
				8E2429BB1CB1890A0081FB52 /* Home.storyboard */,
				8ED1D5AC1CB0330B006B3698 /* HomeViewController.swift */,
			);
			path = "Home(首页)";
			sourceTree = "<group>";
		};
		8E6A12751CB0282100CC399B /* Main(主要) */ = {
			isa = PBXGroup;
			children = (
				8E5EBE881CB0BBA200A7EADC /* Resource */,
				8ED1D5A21CB02BA5006B3698 /* MainViewController.swift */,
			);
			path = "Main(主要)";
			sourceTree = "<group>";
		};
		8E6A12761CB0282100CC399B /* Message(消息) */ = {
			isa = PBXGroup;
			children = (
				8E2429B01CB17C170081FB52 /* Message.storyboard */,
				8ED1D5A61CB02FA0006B3698 /* MessageViewController.swift */,
			);
			path = "Message(消息)";
			sourceTree = "<group>";
		};
		8E6A12771CB0282100CC399B /* Profile(我) */ = {
			isa = PBXGroup;
			children = (
				8E2429B51CB17C4E0081FB52 /* Profile.storyboard */,
				8ED1D5AA1CB02FCF006B3698 /* ProfileViewController.swift */,
			);
			path = "Profile(我)";
			sourceTree = "<group>";
		};
		8EE025FA1CB01F36001E6D70 = {
			isa = PBXGroup;
			children = (
				8EE026051CB01F36001E6D70 /* DWWB */,
				8EE026041CB01F36001E6D70 /* Products */,
			);
			sourceTree = "<group>";
		};
		8EE026041CB01F36001E6D70 /* Products */ = {
			isa = PBXGroup;
			children = (
				8EE026031CB01F36001E6D70 /* DWWB.app */,
			);
			name = Products;
			sourceTree = "<group>";
		};
		8EE026051CB01F36001E6D70 /* DWWB */ = {
			isa = PBXGroup;
			children = (
				8E6A12721CB0282100CC399B /* Classes */,
				8EE026061CB01F36001E6D70 /* AppDelegate.swift */,
				8EE0260A1CB01F36001E6D70 /* Main.storyboard */,
				8EE0260D1CB01F36001E6D70 /* Assets.xcassets */,
				8EE026121CB01F36001E6D70 /* Info.plist */,
			);
			path = DWWB;
			sourceTree = "<group>";
		};
/* End PBXGroup section */

/* Begin PBXNativeTarget section */
		8EE026021CB01F36001E6D70 /* DWWB */ = {
			isa = PBXNativeTarget;
			buildConfigurationList = 8EE026151CB01F36001E6D70 /* Build configuration list for PBXNativeTarget "DWWB" */;
			buildPhases = (
				8EE025FF1CB01F36001E6D70 /* Sources */,
				8EE026001CB01F36001E6D70 /* Frameworks */,
				8EE026011CB01F36001E6D70 /* Resources */,
			);
			buildRules = (
			);
			dependencies = (
			);
			name = DWWB;
			productName = DWWB;
			productReference = 8EE026031CB01F36001E6D70 /* DWWB.app */;
			productType = "com.apple.product-type.application";
		};
/* End PBXNativeTarget section */

/* Begin PBXProject section */
		8EE025FB1CB01F36001E6D70 /* Project object */ = {
			isa = PBXProject;
			attributes = {
				LastSwiftUpdateCheck = 0720;
				LastUpgradeCheck = 0720;
				ORGANIZATIONNAME = NewDee;
				TargetAttributes = {
					8EE026021CB01F36001E6D70 = {
						CreatedOnToolsVersion = 7.2;
						DevelopmentTeam = 5RJPN5PBL6;
					};
				};
			};
			buildConfigurationList = 8EE025FE1CB01F36001E6D70 /* Build configuration list for PBXProject "DWWB" */;
			compatibilityVersion = "Xcode 3.2";
			developmentRegion = English;
			hasScannedForEncodings = 0;
			knownRegions = (
				en,
				Base,
			);
			mainGroup = 8EE025FA1CB01F36001E6D70;
			productRefGroup = 8EE026041CB01F36001E6D70 /* Products */;
			projectDirPath = "";
			projectRoot = "";
			targets = (
				8EE026021CB01F36001E6D70 /* DWWB */,
			);
		};
/* End PBXProject section */

/* Begin PBXResourcesBuildPhase section */
		8EE026011CB01F36001E6D70 /* Resources */ = {
			isa = PBXResourcesBuildPhase;
			buildActionMask = 2147483647;
			files = (
				8E2429BC1CB1890A0081FB52 /* Home.storyboard in Resources */,
				8E2429BE1CB189150081FB52 /* Discover.storyboard in Resources */,
				8E2429BA1CB185DB0081FB52 /* Null.storyboard in Resources */,
				8E2429B71CB17C4E0081FB52 /* Profile.storyboard in Resources */,
				8E2429B21CB17C170081FB52 /* Message.storyboard in Resources */,
				8EE0260E1CB01F36001E6D70 /* Assets.xcassets in Resources */,
				8EE0260C1CB01F36001E6D70 /* Main.storyboard in Resources */,
				8E5EBE8B1CB0C7B200A7EADC /* MainVCSettings.json in Resources */,
			);
			runOnlyForDeploymentPostprocessing = 0;
		};
/* End PBXResourcesBuildPhase section */

/* Begin PBXSourcesBuildPhase section */
		8EE025FF1CB01F36001E6D70 /* Sources */ = {
			isa = PBXSourcesBuildPhase;
			buildActionMask = 2147483647;
			files = (
				8ED1D5AB1CB02FCF006B3698 /* ProfileViewController.swift in Sources */,
				8EE026071CB01F36001E6D70 /* AppDelegate.swift in Sources */,
				8ED1D5A31CB02BA5006B3698 /* MainViewController.swift in Sources */,
				8ED1D5A71CB02FA0006B3698 /* MessageViewController.swift in Sources */,
				8ED1D5A91CB02FB7006B3698 /* DiscoverViewController.swift in Sources */,
				8ED1D5AD1CB0330B006B3698 /* HomeViewController.swift in Sources */,
			);
			runOnlyForDeploymentPostprocessing = 0;
		};
/* End PBXSourcesBuildPhase section */

/* Begin PBXVariantGroup section */
		8E2429B01CB17C170081FB52 /* Message.storyboard */ = {
			isa = PBXVariantGroup;
			children = (
				8E2429B11CB17C170081FB52 /* Base */,
			);
			name = Message.storyboard;
			path = ../..;
			sourceTree = "<group>";
		};
		8E2429B51CB17C4E0081FB52 /* Profile.storyboard */ = {
			isa = PBXVariantGroup;
			children = (
				8E2429B61CB17C4E0081FB52 /* Base */,
			);
			name = Profile.storyboard;
			path = ../..;
			sourceTree = "<group>";
		};
		8E2429B81CB185DB0081FB52 /* Null.storyboard */ = {
			isa = PBXVariantGroup;
			children = (
				8E2429B91CB185DB0081FB52 /* Base */,
			);
			name = Null.storyboard;
			sourceTree = "<group>";
		};
		8EE0260A1CB01F36001E6D70 /* Main.storyboard */ = {
			isa = PBXVariantGroup;
			children = (
				8EE0260B1CB01F36001E6D70 /* Base */,
			);
			name = Main.storyboard;
			sourceTree = "<group>";
		};
/* End PBXVariantGroup section */

/* Begin XCBuildConfiguration section */
		8EE026131CB01F36001E6D70 /* Debug */ = {
			isa = XCBuildConfiguration;
			buildSettings = {
				ALWAYS_SEARCH_USER_PATHS = NO;
				CLANG_CXX_LANGUAGE_STANDARD = "gnu++0x";
				CLANG_CXX_LIBRARY = "libc++";
				CLANG_ENABLE_MODULES = YES;
				CLANG_ENABLE_OBJC_ARC = YES;
				CLANG_WARN_BOOL_CONVERSION = YES;
				CLANG_WARN_CONSTANT_CONVERSION = YES;
				CLANG_WARN_DIRECT_OBJC_ISA_USAGE = YES_ERROR;
				CLANG_WARN_EMPTY_BODY = YES;
				CLANG_WARN_ENUM_CONVERSION = YES;
				CLANG_WARN_INT_CONVERSION = YES;
				CLANG_WARN_OBJC_ROOT_CLASS = YES_ERROR;
				CLANG_WARN_UNREACHABLE_CODE = YES;
				CLANG_WARN__DUPLICATE_METHOD_MATCH = YES;
				"CODE_SIGN_IDENTITY[sdk=iphoneos*]" = "iPhone Developer";
				COPY_PHASE_STRIP = NO;
				DEBUG_INFORMATION_FORMAT = dwarf;
				ENABLE_STRICT_OBJC_MSGSEND = YES;
				ENABLE_TESTABILITY = YES;
				GCC_C_LANGUAGE_STANDARD = gnu99;
				GCC_DYNAMIC_NO_PIC = NO;
				GCC_NO_COMMON_BLOCKS = YES;
				GCC_OPTIMIZATION_LEVEL = 0;
				GCC_PREPROCESSOR_DEFINITIONS = (
					"DEBUG=1",
					"$(inherited)",
				);
				GCC_WARN_64_TO_32_BIT_CONVERSION = YES;
				GCC_WARN_ABOUT_RETURN_TYPE = YES_ERROR;
				GCC_WARN_UNDECLARED_SELECTOR = YES;
				GCC_WARN_UNINITIALIZED_AUTOS = YES_AGGRESSIVE;
				GCC_WARN_UNUSED_FUNCTION = YES;
				GCC_WARN_UNUSED_VARIABLE = YES;
				IPHONEOS_DEPLOYMENT_TARGET = 9.2;
				MTL_ENABLE_DEBUG_INFO = YES;
				ONLY_ACTIVE_ARCH = YES;
				SDKROOT = iphoneos;
				SWIFT_OPTIMIZATION_LEVEL = "-Onone";
			};
			name = Debug;
		};
		8EE026141CB01F36001E6D70 /* Release */ = {
			isa = XCBuildConfiguration;
			buildSettings = {
				ALWAYS_SEARCH_USER_PATHS = NO;
				CLANG_CXX_LANGUAGE_STANDARD = "gnu++0x";
				CLANG_CXX_LIBRARY = "libc++";
				CLANG_ENABLE_MODULES = YES;
				CLANG_ENABLE_OBJC_ARC = YES;
				CLANG_WARN_BOOL_CONVERSION = YES;
				CLANG_WARN_CONSTANT_CONVERSION = YES;
				CLANG_WARN_DIRECT_OBJC_ISA_USAGE = YES_ERROR;
				CLANG_WARN_EMPTY_BODY = YES;
				CLANG_WARN_ENUM_CONVERSION = YES;
				CLANG_WARN_INT_CONVERSION = YES;
				CLANG_WARN_OBJC_ROOT_CLASS = YES_ERROR;
				CLANG_WARN_UNREACHABLE_CODE = YES;
				CLANG_WARN__DUPLICATE_METHOD_MATCH = YES;
				"CODE_SIGN_IDENTITY[sdk=iphoneos*]" = "iPhone Developer";
				COPY_PHASE_STRIP = NO;
				DEBUG_INFORMATION_FORMAT = "dwarf-with-dsym";
				ENABLE_NS_ASSERTIONS = NO;
				ENABLE_STRICT_OBJC_MSGSEND = YES;
				GCC_C_LANGUAGE_STANDARD = gnu99;
				GCC_NO_COMMON_BLOCKS = YES;
				GCC_WARN_64_TO_32_BIT_CONVERSION = YES;
				GCC_WARN_ABOUT_RETURN_TYPE = YES_ERROR;
				GCC_WARN_UNDECLARED_SELECTOR = YES;
				GCC_WARN_UNINITIALIZED_AUTOS = YES_AGGRESSIVE;
				GCC_WARN_UNUSED_FUNCTION = YES;
				GCC_WARN_UNUSED_VARIABLE = YES;
				IPHONEOS_DEPLOYMENT_TARGET = 9.2;
				MTL_ENABLE_DEBUG_INFO = NO;
				SDKROOT = iphoneos;
				VALIDATE_PRODUCT = YES;
			};
			name = Release;
		};
		8EE026161CB01F36001E6D70 /* Debug */ = {
			isa = XCBuildConfiguration;
			buildSettings = {
				ASSETCATALOG_COMPILER_APPICON_NAME = AppIcon;
				ASSETCATALOG_COMPILER_LAUNCHIMAGE_NAME = "Brand Assets";
				CODE_SIGN_IDENTITY = "iPhone Developer";
				"CODE_SIGN_IDENTITY[sdk=iphoneos*]" = "iPhone Developer";
				INFOPLIST_FILE = DWWB/Info.plist;
				IPHONEOS_DEPLOYMENT_TARGET = 9.0;
				LD_RUNPATH_SEARCH_PATHS = "$(inherited) @executable_path/Frameworks";
				PRODUCT_BUNDLE_IDENTIFIER = com.mvptop.DWWB;
				PRODUCT_NAME = "$(TARGET_NAME)";
				PROVISIONING_PROFILE = "";
			};
			name = Debug;
		};
		8EE026171CB01F36001E6D70 /* Release */ = {
			isa = XCBuildConfiguration;
			buildSettings = {
				ASSETCATALOG_COMPILER_APPICON_NAME = AppIcon;
				ASSETCATALOG_COMPILER_LAUNCHIMAGE_NAME = "Brand Assets";
				CODE_SIGN_IDENTITY = "iPhone Developer";
				"CODE_SIGN_IDENTITY[sdk=iphoneos*]" = "iPhone Developer";
				INFOPLIST_FILE = DWWB/Info.plist;
				IPHONEOS_DEPLOYMENT_TARGET = 9.0;
				LD_RUNPATH_SEARCH_PATHS = "$(inherited) @executable_path/Frameworks";
				PRODUCT_BUNDLE_IDENTIFIER = com.mvptop.DWWB;
				PRODUCT_NAME = "$(TARGET_NAME)";
				PROVISIONING_PROFILE = "";
			};
			name = Release;
		};
/* End XCBuildConfiguration section */

/* Begin XCConfigurationList section */
		8EE025FE1CB01F36001E6D70 /* Build configuration list for PBXProject "DWWB" */ = {
			isa = XCConfigurationList;
			buildConfigurations = (
				8EE026131CB01F36001E6D70 /* Debug */,
				8EE026141CB01F36001E6D70 /* Release */,
			);
			defaultConfigurationIsVisible = 0;
			defaultConfigurationName = Release;
		};
		8EE026151CB01F36001E6D70 /* Build configuration list for PBXNativeTarget "DWWB" */ = {
			isa = XCConfigurationList;
			buildConfigurations = (
				8EE026161CB01F36001E6D70 /* Debug */,
				8EE026171CB01F36001E6D70 /* Release */,
			);
			defaultConfigurationIsVisible = 0;
			defaultConfigurationName = Release;
		};
/* End XCConfigurationList section */
	};
	rootObject = 8EE025FB1CB01F36001E6D70 /* Project object */;
}
