// !$*UTF8*$!
{
	archiveVersion = 1;
	classes = {
	};
	objectVersion = 46;
	objects = {

/* Begin PBXBuildFile section */
		8E0E336D1CB947550095FD66 /* NSDate-Extension.swift in Sources */ = {isa = PBXBuildFile; fileRef = 8E0E336C1CB947540095FD66 /* NSDate-Extension.swift */; };
		8E0E336F1CB95AD90095FD66 /* User.swift in Sources */ = {isa = PBXBuildFile; fileRef = 8E0E336E1CB95AD90095FD66 /* User.swift */; };
		8E13058A1CBAC23000B7D51B /* PicCollectionView.swift in Sources */ = {isa = PBXBuildFile; fileRef = 8E1305891CBAC23000B7D51B /* PicCollectionView.swift */; };
		8E25EBE21CB4E29D00C16828 /* TitleButton.swift in Sources */ = {isa = PBXBuildFile; fileRef = 8E25EBE11CB4E29D00C16828 /* TitleButton.swift */; };
		8E25EBE41CB51FC900C16828 /* UIBarButtonItem-Extension.swift in Sources */ = {isa = PBXBuildFile; fileRef = 8E25EBE31CB51FC900C16828 /* UIBarButtonItem-Extension.swift */; };
		8E25EBE81CB521D500C16828 /* PopoverViewController.swift in Sources */ = {isa = PBXBuildFile; fileRef = 8E25EBE61CB521D500C16828 /* PopoverViewController.swift */; };
		8E25EBE91CB521D500C16828 /* PopoverViewController.xib in Resources */ = {isa = PBXBuildFile; fileRef = 8E25EBE71CB521D500C16828 /* PopoverViewController.xib */; };
		8E25EBEB1CB5301900C16828 /* WDWPresentationController.swift in Sources */ = {isa = PBXBuildFile; fileRef = 8E25EBEA1CB5301900C16828 /* WDWPresentationController.swift */; };
		8E28DC131CB3D6200082E044 /* MainVCSettings.json in Resources */ = {isa = PBXBuildFile; fileRef = 8E28DC121CB3D6200082E044 /* MainVCSettings.json */; };
		8E2A992D1CB92826005E2139 /* Status.swift in Sources */ = {isa = PBXBuildFile; fileRef = 8E2A992C1CB92826005E2139 /* Status.swift */; };
		8E327C3B1CB602DC00613314 /* OAuthViewController.swift in Sources */ = {isa = PBXBuildFile; fileRef = 8E327C391CB602DC00613314 /* OAuthViewController.swift */; };
		8E327C3C1CB602DC00613314 /* OAuthViewController.xib in Resources */ = {isa = PBXBuildFile; fileRef = 8E327C3A1CB602DC00613314 /* OAuthViewController.xib */; };
		8E327C401CB6359900613314 /* Common.swift in Sources */ = {isa = PBXBuildFile; fileRef = 8E327C3F1CB6359900613314 /* Common.swift */; };
		8E327C441CB6496800613314 /* UserAccount.swift in Sources */ = {isa = PBXBuildFile; fileRef = 8E327C431CB6496800613314 /* UserAccount.swift */; };
		8E327C461CB6729800613314 /* NetworkTools.swift in Sources */ = {isa = PBXBuildFile; fileRef = 8E327C451CB6729800613314 /* NetworkTools.swift */; };
		8E350F551CB3E38700A71F63 /* Home.storyboard in Resources */ = {isa = PBXBuildFile; fileRef = 8E350F531CB3E38700A71F63 /* Home.storyboard */; };
		8E350F581CB3E3A600A71F63 /* Message.storyboard in Resources */ = {isa = PBXBuildFile; fileRef = 8E350F561CB3E3A600A71F63 /* Message.storyboard */; };
		8E350F5D1CB3E3D200A71F63 /* Discover.storyboard in Resources */ = {isa = PBXBuildFile; fileRef = 8E350F5B1CB3E3D200A71F63 /* Discover.storyboard */; };
		8E350F641CB3E65E00A71F63 /* Null.storyboard in Resources */ = {isa = PBXBuildFile; fileRef = 8E350F631CB3E65E00A71F63 /* Null.storyboard */; };
		8E350F681CB3E82800A71F63 /* Profile.storyboard in Resources */ = {isa = PBXBuildFile; fileRef = 8E350F671CB3E82800A71F63 /* Profile.storyboard */; };
		8E3580B71CB9DF890098B7BD /* StatusViewModel.swift in Sources */ = {isa = PBXBuildFile; fileRef = 8E3580B61CB9DF890098B7BD /* StatusViewModel.swift */; };
		8E3580BB1CB9F9E40098B7BD /* HomeViewCell.swift in Sources */ = {isa = PBXBuildFile; fileRef = 8E3580BA1CB9F9E40098B7BD /* HomeViewCell.swift */; };
		8E606CB91CB4056100DBD8EC /* UIButton-Extension.swift in Sources */ = {isa = PBXBuildFile; fileRef = 8E606CB81CB4056100DBD8EC /* UIButton-Extension.swift */; };
		8E606CBC1CB4118D00DBD8EC /* BaseViewController.swift in Sources */ = {isa = PBXBuildFile; fileRef = 8E606CBB1CB4118D00DBD8EC /* BaseViewController.swift */; };
		8E606CBE1CB411C900DBD8EC /* VisitorView.swift in Sources */ = {isa = PBXBuildFile; fileRef = 8E606CBD1CB411C900DBD8EC /* VisitorView.swift */; };
		8E606CC01CB411F200DBD8EC /* VisitorView.xib in Resources */ = {isa = PBXBuildFile; fileRef = 8E606CBF1CB411F200DBD8EC /* VisitorView.xib */; };
		8E6939651CB54F7900C0123C /* PopoverAnimator.swift in Sources */ = {isa = PBXBuildFile; fileRef = 8E6939641CB54F7900C0123C /* PopoverAnimator.swift */; };
		8EB76F781CBF2A16008D98CD /* ComposeViewController.swift in Sources */ = {isa = PBXBuildFile; fileRef = 8EB76F761CBF2A16008D98CD /* ComposeViewController.swift */; };
		8EB76F791CBF2A16008D98CD /* ComposeViewController.xib in Resources */ = {isa = PBXBuildFile; fileRef = 8EB76F771CBF2A16008D98CD /* ComposeViewController.xib */; };
		8EB76F7D1CBF2EBC008D98CD /* ComposeTitleView.swift in Sources */ = {isa = PBXBuildFile; fileRef = 8EB76F7C1CBF2EBC008D98CD /* ComposeTitleView.swift */; };
		8EB76F7F1CBF3BBA008D98CD /* ComposeTextView.swift in Sources */ = {isa = PBXBuildFile; fileRef = 8EB76F7E1CBF3BBA008D98CD /* ComposeTextView.swift */; };
		8ED1D5A31CB02BA5006B3698 /* MainViewController.swift in Sources */ = {isa = PBXBuildFile; fileRef = 8ED1D5A21CB02BA5006B3698 /* MainViewController.swift */; };
		8ED1D5A71CB02FA0006B3698 /* MessageViewController.swift in Sources */ = {isa = PBXBuildFile; fileRef = 8ED1D5A61CB02FA0006B3698 /* MessageViewController.swift */; };
		8ED1D5A91CB02FB7006B3698 /* DiscoverViewController.swift in Sources */ = {isa = PBXBuildFile; fileRef = 8ED1D5A81CB02FB7006B3698 /* DiscoverViewController.swift */; };
		8ED1D5AB1CB02FCF006B3698 /* ProfileViewController.swift in Sources */ = {isa = PBXBuildFile; fileRef = 8ED1D5AA1CB02FCF006B3698 /* ProfileViewController.swift */; };
		8ED1D5AD1CB0330B006B3698 /* HomeViewController.swift in Sources */ = {isa = PBXBuildFile; fileRef = 8ED1D5AC1CB0330B006B3698 /* HomeViewController.swift */; };
		8EE026071CB01F36001E6D70 /* AppDelegate.swift in Sources */ = {isa = PBXBuildFile; fileRef = 8EE026061CB01F36001E6D70 /* AppDelegate.swift */; };
		8EE0260C1CB01F36001E6D70 /* Main.storyboard in Resources */ = {isa = PBXBuildFile; fileRef = 8EE0260A1CB01F36001E6D70 /* Main.storyboard */; };
		8EE0260E1CB01F36001E6D70 /* Assets.xcassets in Resources */ = {isa = PBXBuildFile; fileRef = 8EE0260D1CB01F36001E6D70 /* Assets.xcassets */; };
		8EF3D0FD1CB7FE5E00A2D396 /* UserAccountViewModel.swift in Sources */ = {isa = PBXBuildFile; fileRef = 8EF3D0FC1CB7FE5E00A2D396 /* UserAccountViewModel.swift */; };
		8EF3D1001CB80C6F00A2D396 /* WelcomeViewController.swift in Sources */ = {isa = PBXBuildFile; fileRef = 8EF3D0FF1CB80C6F00A2D396 /* WelcomeViewController.swift */; };
		8EF3D1021CB80C8000A2D396 /* WelcomeViewController.xib in Resources */ = {isa = PBXBuildFile; fileRef = 8EF3D1011CB80C8000A2D396 /* WelcomeViewController.xib */; };
		CBB902BE70E0A4D9ABAB9A0D /* Pods.framework in Frameworks */ = {isa = PBXBuildFile; fileRef = A9DEEFF685A93C5041AD7F1D /* Pods.framework */; };
/* End PBXBuildFile section */

/* Begin PBXFileReference section */
		2F429D9EB25F761D826A1219 /* Pods.release.xcconfig */ = {isa = PBXFileReference; includeInIndex = 1; lastKnownFileType = text.xcconfig; name = Pods.release.xcconfig; path = "Pods/Target Support Files/Pods/Pods.release.xcconfig"; sourceTree = "<group>"; };
		8E0E336C1CB947540095FD66 /* NSDate-Extension.swift */ = {isa = PBXFileReference; fileEncoding = 4; lastKnownFileType = sourcecode.swift; path = "NSDate-Extension.swift"; sourceTree = "<group>"; };
		8E0E336E1CB95AD90095FD66 /* User.swift */ = {isa = PBXFileReference; fileEncoding = 4; lastKnownFileType = sourcecode.swift; path = User.swift; sourceTree = "<group>"; };
		8E1305891CBAC23000B7D51B /* PicCollectionView.swift */ = {isa = PBXFileReference; fileEncoding = 4; lastKnownFileType = sourcecode.swift; path = PicCollectionView.swift; sourceTree = "<group>"; };
		8E25EBE11CB4E29D00C16828 /* TitleButton.swift */ = {isa = PBXFileReference; fileEncoding = 4; lastKnownFileType = sourcecode.swift; name = TitleButton.swift; path = "DWWB/Classes/Tools(工具)/TitleButton.swift"; sourceTree = SOURCE_ROOT; };
		8E25EBE31CB51FC900C16828 /* UIBarButtonItem-Extension.swift */ = {isa = PBXFileReference; fileEncoding = 4; lastKnownFileType = sourcecode.swift; path = "UIBarButtonItem-Extension.swift"; sourceTree = "<group>"; };
		8E25EBE61CB521D500C16828 /* PopoverViewController.swift */ = {isa = PBXFileReference; fileEncoding = 4; lastKnownFileType = sourcecode.swift; path = PopoverViewController.swift; sourceTree = "<group>"; };
		8E25EBE71CB521D500C16828 /* PopoverViewController.xib */ = {isa = PBXFileReference; fileEncoding = 4; lastKnownFileType = file.xib; path = PopoverViewController.xib; sourceTree = "<group>"; };
		8E25EBEA1CB5301900C16828 /* WDWPresentationController.swift */ = {isa = PBXFileReference; fileEncoding = 4; lastKnownFileType = sourcecode.swift; path = WDWPresentationController.swift; sourceTree = "<group>"; };
		8E28DC121CB3D6200082E044 /* MainVCSettings.json */ = {isa = PBXFileReference; fileEncoding = 4; lastKnownFileType = text.json; path = MainVCSettings.json; sourceTree = "<group>"; };
		8E2A992C1CB92826005E2139 /* Status.swift */ = {isa = PBXFileReference; fileEncoding = 4; lastKnownFileType = sourcecode.swift; path = Status.swift; sourceTree = "<group>"; };
		8E327C391CB602DC00613314 /* OAuthViewController.swift */ = {isa = PBXFileReference; fileEncoding = 4; lastKnownFileType = sourcecode.swift; path = OAuthViewController.swift; sourceTree = "<group>"; };
		8E327C3A1CB602DC00613314 /* OAuthViewController.xib */ = {isa = PBXFileReference; fileEncoding = 4; lastKnownFileType = file.xib; path = OAuthViewController.xib; sourceTree = "<group>"; };
		8E327C3F1CB6359900613314 /* Common.swift */ = {isa = PBXFileReference; fileEncoding = 4; lastKnownFileType = sourcecode.swift; path = Common.swift; sourceTree = "<group>"; };
		8E327C431CB6496800613314 /* UserAccount.swift */ = {isa = PBXFileReference; fileEncoding = 4; lastKnownFileType = sourcecode.swift; path = UserAccount.swift; sourceTree = "<group>"; };
		8E327C451CB6729800613314 /* NetworkTools.swift */ = {isa = PBXFileReference; fileEncoding = 4; lastKnownFileType = sourcecode.swift; path = NetworkTools.swift; sourceTree = "<group>"; };
		8E350F541CB3E38700A71F63 /* Base */ = {isa = PBXFileReference; lastKnownFileType = file.storyboard; name = Base; path = Base.lproj/Home.storyboard; sourceTree = "<group>"; };
		8E350F571CB3E3A600A71F63 /* Base */ = {isa = PBXFileReference; lastKnownFileType = file.storyboard; name = Base; path = Base.lproj/Message.storyboard; sourceTree = "<group>"; };
		8E350F5C1CB3E3D200A71F63 /* Base */ = {isa = PBXFileReference; lastKnownFileType = file.storyboard; name = Base; path = Base.lproj/Discover.storyboard; sourceTree = "<group>"; };
		8E350F631CB3E65E00A71F63 /* Null.storyboard */ = {isa = PBXFileReference; fileEncoding = 4; lastKnownFileType = file.storyboard; path = Null.storyboard; sourceTree = "<group>"; };
		8E350F671CB3E82800A71F63 /* Profile.storyboard */ = {isa = PBXFileReference; fileEncoding = 4; lastKnownFileType = file.storyboard; path = Profile.storyboard; sourceTree = "<group>"; };
		8E3580B61CB9DF890098B7BD /* StatusViewModel.swift */ = {isa = PBXFileReference; fileEncoding = 4; lastKnownFileType = sourcecode.swift; path = StatusViewModel.swift; sourceTree = "<group>"; };
		8E3580BA1CB9F9E40098B7BD /* HomeViewCell.swift */ = {isa = PBXFileReference; fileEncoding = 4; lastKnownFileType = sourcecode.swift; name = HomeViewCell.swift; path = "DWWB/Classes/Home(首页)/HomeViewCell.swift"; sourceTree = SOURCE_ROOT; };
		8E606CB81CB4056100DBD8EC /* UIButton-Extension.swift */ = {isa = PBXFileReference; fileEncoding = 4; lastKnownFileType = sourcecode.swift; path = "UIButton-Extension.swift"; sourceTree = "<group>"; };
		8E606CBB1CB4118D00DBD8EC /* BaseViewController.swift */ = {isa = PBXFileReference; fileEncoding = 4; lastKnownFileType = sourcecode.swift; path = BaseViewController.swift; sourceTree = "<group>"; };
		8E606CBD1CB411C900DBD8EC /* VisitorView.swift */ = {isa = PBXFileReference; fileEncoding = 4; lastKnownFileType = sourcecode.swift; path = VisitorView.swift; sourceTree = "<group>"; };
		8E606CBF1CB411F200DBD8EC /* VisitorView.xib */ = {isa = PBXFileReference; fileEncoding = 4; lastKnownFileType = file.xib; path = VisitorView.xib; sourceTree = "<group>"; };
		8E6939641CB54F7900C0123C /* PopoverAnimator.swift */ = {isa = PBXFileReference; fileEncoding = 4; lastKnownFileType = sourcecode.swift; path = PopoverAnimator.swift; sourceTree = "<group>"; };
		8EB76F761CBF2A16008D98CD /* ComposeViewController.swift */ = {isa = PBXFileReference; fileEncoding = 4; lastKnownFileType = sourcecode.swift; path = ComposeViewController.swift; sourceTree = "<group>"; };
		8EB76F771CBF2A16008D98CD /* ComposeViewController.xib */ = {isa = PBXFileReference; fileEncoding = 4; lastKnownFileType = file.xib; path = ComposeViewController.xib; sourceTree = "<group>"; };
		8EB76F7C1CBF2EBC008D98CD /* ComposeTitleView.swift */ = {isa = PBXFileReference; fileEncoding = 4; lastKnownFileType = sourcecode.swift; path = ComposeTitleView.swift; sourceTree = "<group>"; };
		8EB76F7E1CBF3BBA008D98CD /* ComposeTextView.swift */ = {isa = PBXFileReference; fileEncoding = 4; lastKnownFileType = sourcecode.swift; path = ComposeTextView.swift; sourceTree = "<group>"; };
		8ED1D5A21CB02BA5006B3698 /* MainViewController.swift */ = {isa = PBXFileReference; fileEncoding = 4; lastKnownFileType = sourcecode.swift; path = MainViewController.swift; sourceTree = "<group>"; };
		8ED1D5A61CB02FA0006B3698 /* MessageViewController.swift */ = {isa = PBXFileReference; fileEncoding = 4; lastKnownFileType = sourcecode.swift; path = MessageViewController.swift; sourceTree = "<group>"; };
		8ED1D5A81CB02FB7006B3698 /* DiscoverViewController.swift */ = {isa = PBXFileReference; fileEncoding = 4; lastKnownFileType = sourcecode.swift; path = DiscoverViewController.swift; sourceTree = "<group>"; };
		8ED1D5AA1CB02FCF006B3698 /* ProfileViewController.swift */ = {isa = PBXFileReference; fileEncoding = 4; lastKnownFileType = sourcecode.swift; path = ProfileViewController.swift; sourceTree = "<group>"; };
		8ED1D5AC1CB0330B006B3698 /* HomeViewController.swift */ = {isa = PBXFileReference; fileEncoding = 4; lastKnownFileType = sourcecode.swift; path = HomeViewController.swift; sourceTree = "<group>"; };
		8EE026031CB01F36001E6D70 /* DWWB.app */ = {isa = PBXFileReference; explicitFileType = wrapper.application; includeInIndex = 0; path = DWWB.app; sourceTree = BUILT_PRODUCTS_DIR; };
		8EE026061CB01F36001E6D70 /* AppDelegate.swift */ = {isa = PBXFileReference; lastKnownFileType = sourcecode.swift; path = AppDelegate.swift; sourceTree = "<group>"; };
		8EE0260B1CB01F36001E6D70 /* Base */ = {isa = PBXFileReference; lastKnownFileType = file.storyboard; name = Base; path = Base.lproj/Main.storyboard; sourceTree = "<group>"; };
		8EE0260D1CB01F36001E6D70 /* Assets.xcassets */ = {isa = PBXFileReference; lastKnownFileType = folder.assetcatalog; path = Assets.xcassets; sourceTree = "<group>"; };
		8EE026121CB01F36001E6D70 /* Info.plist */ = {isa = PBXFileReference; lastKnownFileType = text.plist.xml; path = Info.plist; sourceTree = "<group>"; };
		8EF3D0FC1CB7FE5E00A2D396 /* UserAccountViewModel.swift */ = {isa = PBXFileReference; fileEncoding = 4; lastKnownFileType = sourcecode.swift; path = UserAccountViewModel.swift; sourceTree = "<group>"; };
		8EF3D0FF1CB80C6F00A2D396 /* WelcomeViewController.swift */ = {isa = PBXFileReference; fileEncoding = 4; lastKnownFileType = sourcecode.swift; path = WelcomeViewController.swift; sourceTree = "<group>"; };
		8EF3D1011CB80C8000A2D396 /* WelcomeViewController.xib */ = {isa = PBXFileReference; fileEncoding = 4; lastKnownFileType = file.xib; path = WelcomeViewController.xib; sourceTree = "<group>"; };
		A9DEEFF685A93C5041AD7F1D /* Pods.framework */ = {isa = PBXFileReference; explicitFileType = wrapper.framework; includeInIndex = 0; path = Pods.framework; sourceTree = BUILT_PRODUCTS_DIR; };
		F46AE46466C04B403A0CD308 /* Pods.debug.xcconfig */ = {isa = PBXFileReference; includeInIndex = 1; lastKnownFileType = text.xcconfig; name = Pods.debug.xcconfig; path = "Pods/Target Support Files/Pods/Pods.debug.xcconfig"; sourceTree = "<group>"; };
/* End PBXFileReference section */

/* Begin PBXFrameworksBuildPhase section */
		8EE026001CB01F36001E6D70 /* Frameworks */ = {
			isa = PBXFrameworksBuildPhase;
			buildActionMask = 2147483647;
			files = (
				CBB902BE70E0A4D9ABAB9A0D /* Pods.framework in Frameworks */,
			);
			runOnlyForDeploymentPostprocessing = 0;
		};
/* End PBXFrameworksBuildPhase section */

/* Begin PBXGroup section */
		15B6770706C5A02496FBA39D /* Pods */ = {
			isa = PBXGroup;
			children = (
				F46AE46466C04B403A0CD308 /* Pods.debug.xcconfig */,
				2F429D9EB25F761D826A1219 /* Pods.release.xcconfig */,
			);
			name = Pods;
			sourceTree = "<group>";
		};
		1958B9945220B6A02E729DCE /* Frameworks */ = {
			isa = PBXGroup;
			children = (
				A9DEEFF685A93C5041AD7F1D /* Pods.framework */,
			);
			name = Frameworks;
			sourceTree = "<group>";
		};
		8E25EBE51CB5219A00C16828 /* UIpopover */ = {
			isa = PBXGroup;
			children = (
				8E25EBE71CB521D500C16828 /* PopoverViewController.xib */,
				8E25EBE61CB521D500C16828 /* PopoverViewController.swift */,
				8E25EBEA1CB5301900C16828 /* WDWPresentationController.swift */,
				8E6939641CB54F7900C0123C /* PopoverAnimator.swift */,
			);
			path = UIpopover;
			sourceTree = "<group>";
		};
		8E28DC111CB3D6200082E044 /* Resource */ = {
			isa = PBXGroup;
			children = (
				8E350F631CB3E65E00A71F63 /* Null.storyboard */,
				8E28DC121CB3D6200082E044 /* MainVCSettings.json */,
			);
			path = Resource;
			sourceTree = "<group>";
		};
		8E2A992B1CB92768005E2139 /* HomeModel */ = {
			isa = PBXGroup;
			children = (
				8E2A992C1CB92826005E2139 /* Status.swift */,
				8E0E336E1CB95AD90095FD66 /* User.swift */,
				8E3580B61CB9DF890098B7BD /* StatusViewModel.swift */,
			);
			path = HomeModel;
			sourceTree = "<group>";
		};
		8E327C341CB5F0E600613314 /* OAuth */ = {
			isa = PBXGroup;
			children = (
				8E327C3A1CB602DC00613314 /* OAuthViewController.xib */,
				8E327C391CB602DC00613314 /* OAuthViewController.swift */,
				8E327C431CB6496800613314 /* UserAccount.swift */,
				8EF3D0FC1CB7FE5E00A2D396 /* UserAccountViewModel.swift */,
			);
			path = OAuth;
			sourceTree = "<group>";
		};
		8E606CB61CB404E700DBD8EC /* Tools(工具) */ = {
			isa = PBXGroup;
			children = (
				8E606CB71CB404E700DBD8EC /* Categoy */,
				8E25EBE11CB4E29D00C16828 /* TitleButton.swift */,
				8E327C3F1CB6359900613314 /* Common.swift */,
				8E327C451CB6729800613314 /* NetworkTools.swift */,
			);
			path = "Tools(工具)";
			sourceTree = "<group>";
		};
		8E606CB71CB404E700DBD8EC /* Categoy */ = {
			isa = PBXGroup;
			children = (
				8E0E336C1CB947540095FD66 /* NSDate-Extension.swift */,
				8E606CB81CB4056100DBD8EC /* UIButton-Extension.swift */,
				8E25EBE31CB51FC900C16828 /* UIBarButtonItem-Extension.swift */,
			);
			path = Categoy;
			sourceTree = "<group>";
		};
		8E606CBA1CB4113500DBD8EC /* Visitor */ = {
			isa = PBXGroup;
			children = (
				8E606CBB1CB4118D00DBD8EC /* BaseViewController.swift */,
				8E606CBD1CB411C900DBD8EC /* VisitorView.swift */,
				8E606CBF1CB411F200DBD8EC /* VisitorView.xib */,
			);
			name = Visitor;
			path = Resource/Visitor;
			sourceTree = "<group>";
		};
		8E6A12721CB0282100CC399B /* Classes */ = {
			isa = PBXGroup;
			children = (
				8E6A12751CB0282100CC399B /* Main(主要) */,
				8E6A12741CB0282100CC399B /* Home(首页) */,
				8E6A12761CB0282100CC399B /* Message(消息) */,
				8E6A12731CB0282100CC399B /* Discover(发现) */,
				8E6A12771CB0282100CC399B /* Profile(我) */,
				8E606CB61CB404E700DBD8EC /* Tools(工具) */,
			);
			path = Classes;
			sourceTree = "<group>";
		};
		8E6A12731CB0282100CC399B /* Discover(发现) */ = {
			isa = PBXGroup;
			children = (
				8E350F5B1CB3E3D200A71F63 /* Discover.storyboard */,
				8ED1D5A81CB02FB7006B3698 /* DiscoverViewController.swift */,
			);
			path = "Discover(发现)";
			sourceTree = "<group>";
		};
		8E6A12741CB0282100CC399B /* Home(首页) */ = {
			isa = PBXGroup;
			children = (
				8E25EBE51CB5219A00C16828 /* UIpopover */,
				8E2A992B1CB92768005E2139 /* HomeModel */,
				8E350F531CB3E38700A71F63 /* Home.storyboard */,
				8ED1D5AC1CB0330B006B3698 /* HomeViewController.swift */,
				8E3580BA1CB9F9E40098B7BD /* HomeViewCell.swift */,
				8E1305891CBAC23000B7D51B /* PicCollectionView.swift */,
			);
			path = "Home(首页)";
			sourceTree = "<group>";
		};
		8E6A12751CB0282100CC399B /* Main(主要) */ = {
			isa = PBXGroup;
			children = (
				8EB76F751CBF2944008D98CD /* Compose */,
				8EF3D0FE1CB80B4400A2D396 /* Welcome */,
				8E28DC111CB3D6200082E044 /* Resource */,
				8E606CBA1CB4113500DBD8EC /* Visitor */,
				8E327C341CB5F0E600613314 /* OAuth */,
				8ED1D5A21CB02BA5006B3698 /* MainViewController.swift */,
			);
			path = "Main(主要)";
			sourceTree = "<group>";
		};
		8E6A12761CB0282100CC399B /* Message(消息) */ = {
			isa = PBXGroup;
			children = (
				8E350F561CB3E3A600A71F63 /* Message.storyboard */,
				8ED1D5A61CB02FA0006B3698 /* MessageViewController.swift */,
			);
			path = "Message(消息)";
			sourceTree = "<group>";
		};
		8E6A12771CB0282100CC399B /* Profile(我) */ = {
			isa = PBXGroup;
			children = (
				8E350F671CB3E82800A71F63 /* Profile.storyboard */,
				8ED1D5AA1CB02FCF006B3698 /* ProfileViewController.swift */,
			);
			path = "Profile(我)";
			sourceTree = "<group>";
		};
		8EB76F751CBF2944008D98CD /* Compose */ = {
			isa = PBXGroup;
			children = (
				8EB76F771CBF2A16008D98CD /* ComposeViewController.xib */,
				8EB76F761CBF2A16008D98CD /* ComposeViewController.swift */,
				8EB76F7C1CBF2EBC008D98CD /* ComposeTitleView.swift */,
				8EB76F7E1CBF3BBA008D98CD /* ComposeTextView.swift */,
			);
			path = Compose;
			sourceTree = "<group>";
		};
		8EE025FA1CB01F36001E6D70 = {
			isa = PBXGroup;
			children = (
				8EE026051CB01F36001E6D70 /* DWWB */,
				8EE026041CB01F36001E6D70 /* Products */,
				15B6770706C5A02496FBA39D /* Pods */,
				1958B9945220B6A02E729DCE /* Frameworks */,
			);
			sourceTree = "<group>";
		};
		8EE026041CB01F36001E6D70 /* Products */ = {
			isa = PBXGroup;
			children = (
				8EE026031CB01F36001E6D70 /* DWWB.app */,
			);
			name = Products;
			sourceTree = "<group>";
		};
		8EE026051CB01F36001E6D70 /* DWWB */ = {
			isa = PBXGroup;
			children = (
				8E6A12721CB0282100CC399B /* Classes */,
				8EE026061CB01F36001E6D70 /* AppDelegate.swift */,
				8EE0260A1CB01F36001E6D70 /* Main.storyboard */,
				8EE0260D1CB01F36001E6D70 /* Assets.xcassets */,
				8EE026121CB01F36001E6D70 /* Info.plist */,
			);
			path = DWWB;
			sourceTree = "<group>";
		};
		8EF3D0FE1CB80B4400A2D396 /* Welcome */ = {
			isa = PBXGroup;
			children = (
				8EF3D1011CB80C8000A2D396 /* WelcomeViewController.xib */,
				8EF3D0FF1CB80C6F00A2D396 /* WelcomeViewController.swift */,
			);
			path = Welcome;
			sourceTree = "<group>";
		};
/* End PBXGroup section */

/* Begin PBXNativeTarget section */
		8EE026021CB01F36001E6D70 /* DWWB */ = {
			isa = PBXNativeTarget;
			buildConfigurationList = 8EE026151CB01F36001E6D70 /* Build configuration list for PBXNativeTarget "DWWB" */;
			buildPhases = (
				95B836D7115EB8E7E8DF459A /* Check Pods Manifest.lock */,
				8EE025FF1CB01F36001E6D70 /* Sources */,
				8EE026001CB01F36001E6D70 /* Frameworks */,
				8EE026011CB01F36001E6D70 /* Resources */,
				BED0E260486A6D41D0DCA8F1 /* Embed Pods Frameworks */,
				567E11C23C3BF8BB95C52CFA /* Copy Pods Resources */,
			);
			buildRules = (
			);
			dependencies = (
			);
			name = DWWB;
			productName = DWWB;
			productReference = 8EE026031CB01F36001E6D70 /* DWWB.app */;
			productType = "com.apple.product-type.application";
		};
/* End PBXNativeTarget section */

/* Begin PBXProject section */
		8EE025FB1CB01F36001E6D70 /* Project object */ = {
			isa = PBXProject;
			attributes = {
				LastSwiftUpdateCheck = 0720;
				LastUpgradeCheck = 0720;
				ORGANIZATIONNAME = NewDee;
				TargetAttributes = {
					8EE026021CB01F36001E6D70 = {
						CreatedOnToolsVersion = 7.2;
						DevelopmentTeam = 5RJPN5PBL6;
					};
				};
			};
			buildConfigurationList = 8EE025FE1CB01F36001E6D70 /* Build configuration list for PBXProject "DWWB" */;
			compatibilityVersion = "Xcode 3.2";
			developmentRegion = English;
			hasScannedForEncodings = 0;
			knownRegions = (
				en,
				Base,
			);
			mainGroup = 8EE025FA1CB01F36001E6D70;
			productRefGroup = 8EE026041CB01F36001E6D70 /* Products */;
			projectDirPath = "";
			projectRoot = "";
			targets = (
				8EE026021CB01F36001E6D70 /* DWWB */,
			);
		};
/* End PBXProject section */

/* Begin PBXResourcesBuildPhase section */
		8EE026011CB01F36001E6D70 /* Resources */ = {
			isa = PBXResourcesBuildPhase;
			buildActionMask = 2147483647;
			files = (
				8EB76F791CBF2A16008D98CD /* ComposeViewController.xib in Resources */,
				8EE0260E1CB01F36001E6D70 /* Assets.xcassets in Resources */,
				8E350F641CB3E65E00A71F63 /* Null.storyboard in Resources */,
				8E350F681CB3E82800A71F63 /* Profile.storyboard in Resources */,
				8EE0260C1CB01F36001E6D70 /* Main.storyboard in Resources */,
				8E25EBE91CB521D500C16828 /* PopoverViewController.xib in Resources */,
				8EF3D1021CB80C8000A2D396 /* WelcomeViewController.xib in Resources */,
				8E350F581CB3E3A600A71F63 /* Message.storyboard in Resources */,
				8E327C3C1CB602DC00613314 /* OAuthViewController.xib in Resources */,
				8E28DC131CB3D6200082E044 /* MainVCSettings.json in Resources */,
				8E350F551CB3E38700A71F63 /* Home.storyboard in Resources */,
				8E350F5D1CB3E3D200A71F63 /* Discover.storyboard in Resources */,
				8E606CC01CB411F200DBD8EC /* VisitorView.xib in Resources */,
			);
			runOnlyForDeploymentPostprocessing = 0;
		};
/* End PBXResourcesBuildPhase section */

/* Begin PBXShellScriptBuildPhase section */
		567E11C23C3BF8BB95C52CFA /* Copy Pods Resources */ = {
			isa = PBXShellScriptBuildPhase;
			buildActionMask = 2147483647;
			files = (
			);
			inputPaths = (
			);
			name = "Copy Pods Resources";
			outputPaths = (
			);
			runOnlyForDeploymentPostprocessing = 0;
			shellPath = /bin/sh;
			shellScript = "\"${SRCROOT}/Pods/Target Support Files/Pods/Pods-resources.sh\"\n";
			showEnvVarsInLog = 0;
		};
		95B836D7115EB8E7E8DF459A /* Check Pods Manifest.lock */ = {
			isa = PBXShellScriptBuildPhase;
			buildActionMask = 2147483647;
			files = (
			);
			inputPaths = (
			);
			name = "Check Pods Manifest.lock";
			outputPaths = (
			);
			runOnlyForDeploymentPostprocessing = 0;
			shellPath = /bin/sh;
			shellScript = "diff \"${PODS_ROOT}/../Podfile.lock\" \"${PODS_ROOT}/Manifest.lock\" > /dev/null\nif [[ $? != 0 ]] ; then\n    cat << EOM\nerror: The sandbox is not in sync with the Podfile.lock. Run 'pod install' or update your CocoaPods installation.\nEOM\n    exit 1\nfi\n";
			showEnvVarsInLog = 0;
		};
		BED0E260486A6D41D0DCA8F1 /* Embed Pods Frameworks */ = {
			isa = PBXShellScriptBuildPhase;
			buildActionMask = 2147483647;
			files = (
			);
			inputPaths = (
			);
			name = "Embed Pods Frameworks";
			outputPaths = (
			);
			runOnlyForDeploymentPostprocessing = 0;
			shellPath = /bin/sh;
			shellScript = "\"${SRCROOT}/Pods/Target Support Files/Pods/Pods-frameworks.sh\"\n";
			showEnvVarsInLog = 0;
		};
/* End PBXShellScriptBuildPhase section */

/* Begin PBXSourcesBuildPhase section */
		8EE025FF1CB01F36001E6D70 /* Sources */ = {
			isa = PBXSourcesBuildPhase;
			buildActionMask = 2147483647;
			files = (
				8E327C401CB6359900613314 /* Common.swift in Sources */,
				8EF3D1001CB80C6F00A2D396 /* WelcomeViewController.swift in Sources */,
				8E2A992D1CB92826005E2139 /* Status.swift in Sources */,
				8E327C441CB6496800613314 /* UserAccount.swift in Sources */,
				8EB76F7D1CBF2EBC008D98CD /* ComposeTitleView.swift in Sources */,
				8ED1D5AB1CB02FCF006B3698 /* ProfileViewController.swift in Sources */,
				8E606CB91CB4056100DBD8EC /* UIButton-Extension.swift in Sources */,
				8E25EBE41CB51FC900C16828 /* UIBarButtonItem-Extension.swift in Sources */,
				8EE026071CB01F36001E6D70 /* AppDelegate.swift in Sources */,
				8E327C3B1CB602DC00613314 /* OAuthViewController.swift in Sources */,
				8EB76F781CBF2A16008D98CD /* ComposeViewController.swift in Sources */,
				8E25EBE81CB521D500C16828 /* PopoverViewController.swift in Sources */,
				8ED1D5A31CB02BA5006B3698 /* MainViewController.swift in Sources */,
				8ED1D5A71CB02FA0006B3698 /* MessageViewController.swift in Sources */,
				8E0E336D1CB947550095FD66 /* NSDate-Extension.swift in Sources */,
				8E606CBC1CB4118D00DBD8EC /* BaseViewController.swift in Sources */,
				8EB76F7F1CBF3BBA008D98CD /* ComposeTextView.swift in Sources */,
				8E3580BB1CB9F9E40098B7BD /* HomeViewCell.swift in Sources */,
				8E6939651CB54F7900C0123C /* PopoverAnimator.swift in Sources */,
				8E25EBEB1CB5301900C16828 /* WDWPresentationController.swift in Sources */,
				8E3580B71CB9DF890098B7BD /* StatusViewModel.swift in Sources */,
				8EF3D0FD1CB7FE5E00A2D396 /* UserAccountViewModel.swift in Sources */,
				8E13058A1CBAC23000B7D51B /* PicCollectionView.swift in Sources */,
				8E606CBE1CB411C900DBD8EC /* VisitorView.swift in Sources */,
				8E327C461CB6729800613314 /* NetworkTools.swift in Sources */,
				8ED1D5A91CB02FB7006B3698 /* DiscoverViewController.swift in Sources */,
				8E25EBE21CB4E29D00C16828 /* TitleButton.swift in Sources */,
				8ED1D5AD1CB0330B006B3698 /* HomeViewController.swift in Sources */,
				8E0E336F1CB95AD90095FD66 /* User.swift in Sources */,
			);
			runOnlyForDeploymentPostprocessing = 0;
		};
/* End PBXSourcesBuildPhase section */

/* Begin PBXVariantGroup section */
		8E350F531CB3E38700A71F63 /* Home.storyboard */ = {
			isa = PBXVariantGroup;
			children = (
				8E350F541CB3E38700A71F63 /* Base */,
			);
			name = Home.storyboard;
			path = ../..;
			sourceTree = "<group>";
		};
		8E350F561CB3E3A600A71F63 /* Message.storyboard */ = {
			isa = PBXVariantGroup;
			children = (
				8E350F571CB3E3A600A71F63 /* Base */,
			);
			name = Message.storyboard;
			path = ../..;
			sourceTree = "<group>";
		};
		8E350F5B1CB3E3D200A71F63 /* Discover.storyboard */ = {
			isa = PBXVariantGroup;
			children = (
				8E350F5C1CB3E3D200A71F63 /* Base */,
			);
			name = Discover.storyboard;
			path = ../..;
			sourceTree = "<group>";
		};
		8EE0260A1CB01F36001E6D70 /* Main.storyboard */ = {
			isa = PBXVariantGroup;
			children = (
				8EE0260B1CB01F36001E6D70 /* Base */,
			);
			name = Main.storyboard;
			sourceTree = "<group>";
		};
/* End PBXVariantGroup section */

/* Begin XCBuildConfiguration section */
		8EE026131CB01F36001E6D70 /* Debug */ = {
			isa = XCBuildConfiguration;
			buildSettings = {
				ALWAYS_SEARCH_USER_PATHS = NO;
				CLANG_CXX_LANGUAGE_STANDARD = "gnu++0x";
				CLANG_CXX_LIBRARY = "libc++";
				CLANG_ENABLE_MODULES = YES;
				CLANG_ENABLE_OBJC_ARC = YES;
				CLANG_WARN_BOOL_CONVERSION = YES;
				CLANG_WARN_CONSTANT_CONVERSION = YES;
				CLANG_WARN_DIRECT_OBJC_ISA_USAGE = YES_ERROR;
				CLANG_WARN_EMPTY_BODY = YES;
				CLANG_WARN_ENUM_CONVERSION = YES;
				CLANG_WARN_INT_CONVERSION = YES;
				CLANG_WARN_OBJC_ROOT_CLASS = YES_ERROR;
				CLANG_WARN_UNREACHABLE_CODE = YES;
				CLANG_WARN__DUPLICATE_METHOD_MATCH = YES;
				"CODE_SIGN_IDENTITY[sdk=iphoneos*]" = "iPhone Developer";
				COPY_PHASE_STRIP = NO;
				DEBUG_INFORMATION_FORMAT = dwarf;
				ENABLE_STRICT_OBJC_MSGSEND = YES;
				ENABLE_TESTABILITY = YES;
				GCC_C_LANGUAGE_STANDARD = gnu99;
				GCC_DYNAMIC_NO_PIC = NO;
				GCC_NO_COMMON_BLOCKS = YES;
				GCC_OPTIMIZATION_LEVEL = 0;
				GCC_PREPROCESSOR_DEFINITIONS = (
					"DEBUG=1",
					"$(inherited)",
				);
				GCC_WARN_64_TO_32_BIT_CONVERSION = YES;
				GCC_WARN_ABOUT_RETURN_TYPE = YES_ERROR;
				GCC_WARN_UNDECLARED_SELECTOR = YES;
				GCC_WARN_UNINITIALIZED_AUTOS = YES_AGGRESSIVE;
				GCC_WARN_UNUSED_FUNCTION = YES;
				GCC_WARN_UNUSED_VARIABLE = YES;
				IPHONEOS_DEPLOYMENT_TARGET = 9.2;
				MTL_ENABLE_DEBUG_INFO = YES;
				ONLY_ACTIVE_ARCH = YES;
				SDKROOT = iphoneos;
				SWIFT_OPTIMIZATION_LEVEL = "-Onone";
			};
			name = Debug;
		};
		8EE026141CB01F36001E6D70 /* Release */ = {
			isa = XCBuildConfiguration;
			buildSettings = {
				ALWAYS_SEARCH_USER_PATHS = NO;
				CLANG_CXX_LANGUAGE_STANDARD = "gnu++0x";
				CLANG_CXX_LIBRARY = "libc++";
				CLANG_ENABLE_MODULES = YES;
				CLANG_ENABLE_OBJC_ARC = YES;
				CLANG_WARN_BOOL_CONVERSION = YES;
				CLANG_WARN_CONSTANT_CONVERSION = YES;
				CLANG_WARN_DIRECT_OBJC_ISA_USAGE = YES_ERROR;
				CLANG_WARN_EMPTY_BODY = YES;
				CLANG_WARN_ENUM_CONVERSION = YES;
				CLANG_WARN_INT_CONVERSION = YES;
				CLANG_WARN_OBJC_ROOT_CLASS = YES_ERROR;
				CLANG_WARN_UNREACHABLE_CODE = YES;
				CLANG_WARN__DUPLICATE_METHOD_MATCH = YES;
				"CODE_SIGN_IDENTITY[sdk=iphoneos*]" = "iPhone Developer";
				COPY_PHASE_STRIP = NO;
				DEBUG_INFORMATION_FORMAT = "dwarf-with-dsym";
				ENABLE_NS_ASSERTIONS = NO;
				ENABLE_STRICT_OBJC_MSGSEND = YES;
				GCC_C_LANGUAGE_STANDARD = gnu99;
				GCC_NO_COMMON_BLOCKS = YES;
				GCC_WARN_64_TO_32_BIT_CONVERSION = YES;
				GCC_WARN_ABOUT_RETURN_TYPE = YES_ERROR;
				GCC_WARN_UNDECLARED_SELECTOR = YES;
				GCC_WARN_UNINITIALIZED_AUTOS = YES_AGGRESSIVE;
				GCC_WARN_UNUSED_FUNCTION = YES;
				GCC_WARN_UNUSED_VARIABLE = YES;
				IPHONEOS_DEPLOYMENT_TARGET = 9.2;
				MTL_ENABLE_DEBUG_INFO = NO;
				SDKROOT = iphoneos;
				VALIDATE_PRODUCT = YES;
			};
			name = Release;
		};
		8EE026161CB01F36001E6D70 /* Debug */ = {
			isa = XCBuildConfiguration;
			baseConfigurationReference = F46AE46466C04B403A0CD308 /* Pods.debug.xcconfig */;
			buildSettings = {
				ASSETCATALOG_COMPILER_APPICON_NAME = AppIcon;
				ASSETCATALOG_COMPILER_LAUNCHIMAGE_NAME = "Brand Assets";
				CODE_SIGN_IDENTITY = "iPhone Developer";
				"CODE_SIGN_IDENTITY[sdk=iphoneos*]" = "iPhone Developer";
				INFOPLIST_FILE = DWWB/Info.plist;
				IPHONEOS_DEPLOYMENT_TARGET = 9.0;
				LD_RUNPATH_SEARCH_PATHS = "$(inherited) @executable_path/Frameworks";
				PRODUCT_BUNDLE_IDENTIFIER = com.mvptop.DWWB;
				PRODUCT_NAME = "$(TARGET_NAME)";
				PROVISIONING_PROFILE = "";
			};
			name = Debug;
		};
		8EE026171CB01F36001E6D70 /* Release */ = {
			isa = XCBuildConfiguration;
			baseConfigurationReference = 2F429D9EB25F761D826A1219 /* Pods.release.xcconfig */;
			buildSettings = {
				ASSETCATALOG_COMPILER_APPICON_NAME = AppIcon;
				ASSETCATALOG_COMPILER_LAUNCHIMAGE_NAME = "Brand Assets";
				CODE_SIGN_IDENTITY = "iPhone Developer";
				"CODE_SIGN_IDENTITY[sdk=iphoneos*]" = "iPhone Developer";
				INFOPLIST_FILE = DWWB/Info.plist;
				IPHONEOS_DEPLOYMENT_TARGET = 9.0;
				LD_RUNPATH_SEARCH_PATHS = "$(inherited) @executable_path/Frameworks";
				PRODUCT_BUNDLE_IDENTIFIER = com.mvptop.DWWB;
				PRODUCT_NAME = "$(TARGET_NAME)";
				PROVISIONING_PROFILE = "";
			};
			name = Release;
		};
/* End XCBuildConfiguration section */

/* Begin XCConfigurationList section */
		8EE025FE1CB01F36001E6D70 /* Build configuration list for PBXProject "DWWB" */ = {
			isa = XCConfigurationList;
			buildConfigurations = (
				8EE026131CB01F36001E6D70 /* Debug */,
				8EE026141CB01F36001E6D70 /* Release */,
			);
			defaultConfigurationIsVisible = 0;
			defaultConfigurationName = Release;
		};
		8EE026151CB01F36001E6D70 /* Build configuration list for PBXNativeTarget "DWWB" */ = {
			isa = XCConfigurationList;
			buildConfigurations = (
				8EE026161CB01F36001E6D70 /* Debug */,
				8EE026171CB01F36001E6D70 /* Release */,
			);
			defaultConfigurationIsVisible = 0;
			defaultConfigurationName = Release;
		};
/* End XCConfigurationList section */
	};
	rootObject = 8EE025FB1CB01F36001E6D70 /* Project object */;
}
